
Microsoft Visual Studio Solution File, Format Version 12.00
# Visual Studio 15
VisualStudioVersion = 15.0.27703.2026
MinimumVisualStudioVersion = 10.0.40219.1
Project("{FAE04EC0-301F-11D3-BF4B-00C04F79EFBC}") = "TypeOfIrisFlower", "TypeOfIrisFlower\TypeOfIrisFlower.csproj", "{C072EBC0-E0E2-4939-B80A-B9E32C3EDB8F}"
EndProject
Global
	GlobalSection(SolutionConfigurationPlatforms) = preSolution
		Debug|Any CPU = Debug|Any CPU
		Release|Any CPU = Release|Any CPU
	EndGlobalSection
	GlobalSection(ProjectConfigurationPlatforms) = postSolution
		{C072EBC0-E0E2-4939-B80A-B9E32C3EDB8F}.Debug|Any CPU.ActiveCfg = Debug|Any CPU
		{C072EBC0-E0E2-4939-B80A-B9E32C3EDB8F}.Debug|Any CPU.Build.0 = Debug|Any CPU
		{C072EBC0-E0E2-4939-B80A-B9E32C3EDB8F}.Release|Any CPU.ActiveCfg = Release|Any CPU
		{C072EBC0-E0E2-4939-B80A-B9E32C3EDB8F}.Release|Any CPU.Build.0 = Release|Any CPU
	EndGlobalSection
	GlobalSection(SolutionProperties) = preSolution
		HideSolutionNode = FALSE
	EndGlobalSection
	GlobalSection(ExtensibilityGlobals) = postSolution
		SolutionGuid = {2E3B4FB4-7B25-4232-8681-53FA0ACD226F}
	EndGlobalSection
EndGlobal
